
Microsoft Visual Studio Solution File, Format Version 12.00
# Visual Studio 15
VisualStudioVersion = 15.0.27130.2027
MinimumVisualStudioVersion = 10.0.40219.1
Project("{F2A71F9B-5D33-465A-A702-920D77279786}") = "MurmurHash", "MurmurHash\MurmurHash.fsproj", "{2B285551-CEAE-493E-AE98-2A6403DEC901}"
EndProject
Global
	GlobalSection(SolutionConfigurationPlatforms) = preSolution
		Debug|Any CPU = Debug|Any CPU
		Release|Any CPU = Release|Any CPU
	EndGlobalSection
	GlobalSection(ProjectConfigurationPlatforms) = postSolution
		{2B285551-CEAE-493E-AE98-2A6403DEC901}.Debug|Any CPU.ActiveCfg = Debug|Any CPU
		{2B285551-CEAE-493E-AE98-2A6403DEC901}.Debug|Any CPU.Build.0 = Debug|Any CPU
		{2B285551-CEAE-493E-AE98-2A6403DEC901}.Release|Any CPU.ActiveCfg = Release|Any CPU
		{2B285551-CEAE-493E-AE98-2A6403DEC901}.Release|Any CPU.Build.0 = Release|Any CPU
	EndGlobalSection
	GlobalSection(SolutionProperties) = preSolution
		HideSolutionNode = FALSE
	EndGlobalSection
	GlobalSection(ExtensibilityGlobals) = postSolution
		SolutionGuid = {3F37F1D5-A2B7-4128-BB13-FAA8E5191B07}
	EndGlobalSection
EndGlobal
